PODS:
  - Capacitor (5.0.0):
    - CapacitorCordova
  - CapacitorApp (5.0.0):
    - Capacitor
  - CapacitorAppLauncher (5.0.0):
    - Capacitor
  - CapacitorCamera (5.0.5):
    - Capacitor
  - CapacitorClipboard (5.0.5):
    - Capacitor
  - CapacitorCommunityBarcodeScanner (4.0.1):
    - Capacitor
  - CapacitorCommunitySpeechRecognition (2.1.0):
    - Capacitor
  - CapacitorCordova (5.0.0)
  - CapacitorDevice (5.0.5):
    - Capacitor
  - CapacitorFilesystem (5.0.5):
    - Capacitor
  - CapacitorGeolocation (5.0.5):
    - Capacitor
  - CapacitorNetwork (5.0.5):
    - Capacitor
  - CordovaPlugins (5.0.0):
    - CapacitorCordova

DEPENDENCIES:
  - "Capacitor (from `../../node_modules/@capacitor/ios`)"
  - "CapacitorApp (from `../../node_modules/@capacitor/app`)"
  - "CapacitorAppLauncher (from `../../node_modules/@capacitor/app-launcher`)"
  - "CapacitorCamera (from `../../node_modules/@capacitor/camera`)"
  - "CapacitorClipboard (from `../../node_modules/@capacitor/clipboard`)"
  - "CapacitorCommunityBarcodeScanner (from `../../node_modules/@capacitor-community/barcode-scanner`)"
  - "CapacitorCommunitySpeechRecognition (from `../../node_modules/@capacitor-community/speech-recognition`)"
  - "CapacitorCordova (from `../../node_modules/@capacitor/ios`)"
  - "CapacitorDevice (from `../../node_modules/@capacitor/device`)"
  - "CapacitorFilesystem (from `../../node_modules/@capacitor/filesystem`)"
  - "CapacitorGeolocation (from `../../node_modules/@capacitor/geolocation`)"
  - "CapacitorNetwork (from `../../node_modules/@capacitor/network`)"
  - CordovaPlugins (from `../capacitor-cordova-ios-plugins`)

EXTERNAL SOURCES:
  Capacitor:
    :path: "../../node_modules/@capacitor/ios"
  CapacitorApp:
    :path: "../../node_modules/@capacitor/app"
  CapacitorAppLauncher:
    :path: "../../node_modules/@capacitor/app-launcher"
  CapacitorCamera:
    :path: "../../node_modules/@capacitor/camera"
  CapacitorClipboard:
    :path: "../../node_modules/@capacitor/clipboard"
  CapacitorCommunityBarcodeScanner:
    :path: "../../node_modules/@capacitor-community/barcode-scanner"
  CapacitorCommunitySpeechRecognition:
    :path: "../../node_modules/@capacitor-community/speech-recognition"
  CapacitorCordova:
    :path: "../../node_modules/@capacitor/ios"
  CapacitorDevice:
    :path: "../../node_modules/@capacitor/device"
  CapacitorFilesystem:
    :path: "../../node_modules/@capacitor/filesystem"
  CapacitorGeolocation:
    :path: "../../node_modules/@capacitor/geolocation"
  CapacitorNetwork:
    :path: "../../node_modules/@capacitor/network"
  CordovaPlugins:
    :path: "../capacitor-cordova-ios-plugins"

SPEC CHECKSUMS:
  Capacitor: b332cb737d447561e854039fb72195206685dce2
  CapacitorApp: 16e189e0463976060ccf34868e3083858c977e2b
  CapacitorAppLauncher: ea900aa786b0c67df9bf2a917fc3c76982402469
  CapacitorCamera: 834aade2952a06bd1e46c078d1068a980f37f8c9
  CapacitorClipboard: 17f9418206e9de5673fac29c815f11c8d618e81c
  CapacitorCommunityBarcodeScanner: 7feb206489c8555a8ca0c74c57ddf49ead774eb8
  CapacitorCommunitySpeechRecognition: b404ef82fa846dd48f6417eb0c47955645ca0996
  CapacitorCordova: 4ea17670ee562680988a7ce9db68dee5160fe564
  CapacitorDevice: 4c78eeaa553c7a46bc07372c6eb03a5665459885
  CapacitorFilesystem: 335bccfc8ebe381c4e9a7328ef1c4dae9035a6fe
  CapacitorGeolocation: 82f2dfc2e6b9ebff53bb5af85f8cf0c06da354e9
  CapacitorNetwork: f13736619d9859418fe9580dcfd4114e7adc9562
  CordovaPlugins: 90766b69b6d219d0116ff94562eb8dfc7a6b8069

PODFILE CHECKSUM: ca28e99477e77fbe9d1f41a9eda408e76a69bf99

COCOAPODS: 1.12.1
